
Microsoft Visual Studio Solution File, Format Version 12.00
# Visual Studio Version 16
VisualStudioVersion = 16.0.30413.136
MinimumVisualStudioVersion = 10.0.40219.1
Project("{FAE04EC0-301F-11D3-BF4B-00C04F79EFBC}") = "Class_c_sharp", "Class_c_sharp.csproj", "{734FC64E-B3DF-4E87-91CD-00C00BEA14DB}"
EndProject
Global
	GlobalSection(SolutionConfigurationPlatforms) = preSolution
		Debug|Any CPU = Debug|Any CPU
		Release|Any CPU = Release|Any CPU
	EndGlobalSection
	GlobalSection(ProjectConfigurationPlatforms) = postSolution
		{734FC64E-B3DF-4E87-91CD-00C00BEA14DB}.Debug|Any CPU.ActiveCfg = Debug|Any CPU
		{734FC64E-B3DF-4E87-91CD-00C00BEA14DB}.Debug|Any CPU.Build.0 = Debug|Any CPU
		{734FC64E-B3DF-4E87-91CD-00C00BEA14DB}.Release|Any CPU.ActiveCfg = Release|Any CPU
		{734FC64E-B3DF-4E87-91CD-00C00BEA14DB}.Release|Any CPU.Build.0 = Release|Any CPU
	EndGlobalSection
	GlobalSection(SolutionProperties) = preSolution
		HideSolutionNode = FALSE
	EndGlobalSection
	GlobalSection(ExtensibilityGlobals) = postSolution
		SolutionGuid = {04E01660-41CC-41BF-8852-7723A692FEF9}
	EndGlobalSection
EndGlobal
